// !$*UTF8*$!
{
	archiveVersion = 1;
	classes = {
	};
	objectVersion = 46;
	objects = {

/* Begin PBXBuildFile section */
		607CB0D425629754007201AB /* libSelligentMobile2.5.a in Frameworks */ = {isa = PBXBuildFile; fileRef = 607CB0D325629754007201AB /* libSelligentMobile2.5.a */; };
		B3E7B58A1CC2AC0600A0062D /* RNSelligent.m in Sources */ = {isa = PBXBuildFile; fileRef = B3E7B5891CC2AC0600A0062D /* RNSelligent.m */; };
		E5002D3320F5002A00F68509 /* ClientSettings.m in Sources */ = {isa = PBXBuildFile; fileRef = E5002D3120F5002A00F68509 /* ClientSettings.m */; };
		E5002D3620F5004200F68509 /* SMManagerSetting+ClientSettings.m in Sources */ = {isa = PBXBuildFile; fileRef = E5002D3520F5004200F68509 /* SMManagerSetting+ClientSettings.m */; };
		E5002D3920F500C200F68509 /* SelligentLogger.m in Sources */ = {isa = PBXBuildFile; fileRef = E5002D3820F500C200F68509 /* SelligentLogger.m */; };
		E5002D3D20F5013300F68509 /* InAppMessageSettings.m in Sources */ = {isa = PBXBuildFile; fileRef = E5002D3C20F5013200F68509 /* InAppMessageSettings.m */; };
		E5002D4120F5015A00F68509 /* EnumMapper.m in Sources */ = {isa = PBXBuildFile; fileRef = E5002D4020F5015A00F68509 /* EnumMapper.m */; };
		E51D949D20FE17F100069B07 /* Event.m in Sources */ = {isa = PBXBuildFile; fileRef = E51D949B20FE17F000069B07 /* Event.m */; };
		E51D949E20FE17F100069B07 /* Event+SMEvent.m in Sources */ = {isa = PBXBuildFile; fileRef = E51D949C20FE17F000069B07 /* Event+SMEvent.m */; };
/* End PBXBuildFile section */

/* Begin PBXCopyFilesBuildPhase section */
		58B511D91A9E6C8500147676 /* CopyFiles */ = {
			isa = PBXCopyFilesBuildPhase;
			buildActionMask = 2147483647;
			dstPath = "include/$(PRODUCT_NAME)";
			dstSubfolderSpec = 16;
			files = (
			);
			runOnlyForDeploymentPostprocessing = 0;
		};
/* End PBXCopyFilesBuildPhase section */

/* Begin PBXFileReference section */
		134814201AA4EA6300B7C361 /* libRNSelligent.a */ = {isa = PBXFileReference; explicitFileType = archive.ar; includeInIndex = 0; path = libRNSelligent.a; sourceTree = BUILT_PRODUCTS_DIR; };
		607CB0D325629754007201AB /* libSelligentMobile2.5.a */ = {isa = PBXFileReference; lastKnownFileType = archive.ar; path = libSelligentMobile2.5.a; sourceTree = "<group>"; };
		B3E7B5881CC2AC0600A0062D /* RNSelligent.h */ = {isa = PBXFileReference; fileEncoding = 4; lastKnownFileType = sourcecode.c.h; path = RNSelligent.h; sourceTree = "<group>"; };
		B3E7B5891CC2AC0600A0062D /* RNSelligent.m */ = {isa = PBXFileReference; fileEncoding = 4; lastKnownFileType = sourcecode.c.objc; path = RNSelligent.m; sourceTree = "<group>"; };
		E5002D3120F5002A00F68509 /* ClientSettings.m */ = {isa = PBXFileReference; fileEncoding = 4; lastKnownFileType = sourcecode.c.objc; path = ClientSettings.m; sourceTree = "<group>"; };
		E5002D3220F5002A00F68509 /* ClientSettings.h */ = {isa = PBXFileReference; fileEncoding = 4; lastKnownFileType = sourcecode.c.h; path = ClientSettings.h; sourceTree = "<group>"; };
		E5002D3420F5004200F68509 /* SMManagerSetting+ClientSettings.h */ = {isa = PBXFileReference; fileEncoding = 4; lastKnownFileType = sourcecode.c.h; path = "SMManagerSetting+ClientSettings.h"; sourceTree = "<group>"; };
		E5002D3520F5004200F68509 /* SMManagerSetting+ClientSettings.m */ = {isa = PBXFileReference; fileEncoding = 4; lastKnownFileType = sourcecode.c.objc; path = "SMManagerSetting+ClientSettings.m"; sourceTree = "<group>"; };
		E5002D3720F500C200F68509 /* SelligentLogger.h */ = {isa = PBXFileReference; fileEncoding = 4; lastKnownFileType = sourcecode.c.h; path = SelligentLogger.h; sourceTree = "<group>"; };
		E5002D3820F500C200F68509 /* SelligentLogger.m */ = {isa = PBXFileReference; fileEncoding = 4; lastKnownFileType = sourcecode.c.objc; path = SelligentLogger.m; sourceTree = "<group>"; };
		E5002D3A20F5012300F68509 /* ParsableObject.h */ = {isa = PBXFileReference; lastKnownFileType = sourcecode.c.h; path = ParsableObject.h; sourceTree = "<group>"; };
		E5002D3B20F5013200F68509 /* InAppMessageSettings.h */ = {isa = PBXFileReference; fileEncoding = 4; lastKnownFileType = sourcecode.c.h; path = InAppMessageSettings.h; sourceTree = "<group>"; };
		E5002D3C20F5013200F68509 /* InAppMessageSettings.m */ = {isa = PBXFileReference; fileEncoding = 4; lastKnownFileType = sourcecode.c.objc; path = InAppMessageSettings.m; sourceTree = "<group>"; };
		E5002D3E20F5014900F68509 /* LogLevel.h */ = {isa = PBXFileReference; lastKnownFileType = sourcecode.c.h; path = LogLevel.h; sourceTree = "<group>"; };
		E5002D3F20F5015A00F68509 /* EnumMapper.h */ = {isa = PBXFileReference; fileEncoding = 4; lastKnownFileType = sourcecode.c.h; path = EnumMapper.h; sourceTree = "<group>"; };
		E5002D4020F5015A00F68509 /* EnumMapper.m */ = {isa = PBXFileReference; fileEncoding = 4; lastKnownFileType = sourcecode.c.objc; path = EnumMapper.m; sourceTree = "<group>"; };
		E5002D4220F5018200F68509 /* InAppMessageRefreshType.h */ = {isa = PBXFileReference; lastKnownFileType = sourcecode.c.h; path = InAppMessageRefreshType.h; sourceTree = "<group>"; };
		E5002D4320F5019500F68509 /* LocationAuthorisationStatus.h */ = {isa = PBXFileReference; lastKnownFileType = sourcecode.c.h; path = LocationAuthorisationStatus.h; sourceTree = "<group>"; };
		E5002D4420F5019500F68509 /* LocationAuthorisationType.h */ = {isa = PBXFileReference; lastKnownFileType = sourcecode.c.h; path = LocationAuthorisationType.h; sourceTree = "<group>"; };
		E5002D4520F501A400F68509 /* ClearCacheInterval.h */ = {isa = PBXFileReference; lastKnownFileType = sourcecode.c.h; path = ClearCacheInterval.h; sourceTree = "<group>"; };
		E5002D4620F501A400F68509 /* NotificationButtonType.h */ = {isa = PBXFileReference; lastKnownFileType = sourcecode.c.h; path = NotificationButtonType.h; sourceTree = "<group>"; };
		E5002D4720F501B000F68509 /* BackgroundFetchResult.h */ = {isa = PBXFileReference; lastKnownFileType = sourcecode.c.h; path = BackgroundFetchResult.h; sourceTree = "<group>"; };
		E51D949B20FE17F000069B07 /* Event.m */ = {isa = PBXFileReference; fileEncoding = 4; lastKnownFileType = sourcecode.c.objc; path = Event.m; sourceTree = "<group>"; };
		E51D949C20FE17F000069B07 /* Event+SMEvent.m */ = {isa = PBXFileReference; fileEncoding = 4; lastKnownFileType = sourcecode.c.objc; path = "Event+SMEvent.m"; sourceTree = "<group>"; };
		E51D949F20FE180400069B07 /* Event.h */ = {isa = PBXFileReference; lastKnownFileType = sourcecode.c.h; path = Event.h; sourceTree = "<group>"; };
		E51D94A020FE181A00069B07 /* Event+SMEvent.h */ = {isa = PBXFileReference; lastKnownFileType = sourcecode.c.h; path = "Event+SMEvent.h"; sourceTree = "<group>"; };
		E51D94E820FF88DB00069B07 /* EventType.h */ = {isa = PBXFileReference; lastKnownFileType = sourcecode.c.h; path = EventType.h; sourceTree = "<group>"; };
		E58A8CAD20F32CB4005EA433 /* SMMessage.h */ = {isa = PBXFileReference; fileEncoding = 4; lastKnownFileType = sourcecode.c.h; path = SMMessage.h; sourceTree = "<group>"; };
		E58A8CAE20F32CB4005EA433 /* SMInAppContentMessage.h */ = {isa = PBXFileReference; fileEncoding = 4; lastKnownFileType = sourcecode.c.h; path = SMInAppContentMessage.h; sourceTree = "<group>"; };
		E58A8CAF20F32CB4005EA433 /* SMManagerSetting.h */ = {isa = PBXFileReference; fileEncoding = 4; lastKnownFileType = sourcecode.c.h; path = SMManagerSetting.h; sourceTree = "<group>"; };
		E58A8CB020F32CB4005EA433 /* SMLink.h */ = {isa = PBXFileReference; fileEncoding = 4; lastKnownFileType = sourcecode.c.h; path = SMLink.h; sourceTree = "<group>"; };
		E58A8CB120F32CB4005EA433 /* SMEventUserLogin.h */ = {isa = PBXFileReference; fileEncoding = 4; lastKnownFileType = sourcecode.c.h; path = SMEventUserLogin.h; sourceTree = "<group>"; };
		E58A8CB220F32CB4005EA433 /* SMBlock.h */ = {isa = PBXFileReference; fileEncoding = 4; lastKnownFileType = sourcecode.c.h; path = SMBlock.h; sourceTree = "<group>"; };
		E58A8CB320F32CB4005EA433 /* SMInAppContentHTMLViewController.h */ = {isa = PBXFileReference; fileEncoding = 4; lastKnownFileType = sourcecode.c.h; path = SMInAppContentHTMLViewController.h; sourceTree = "<group>"; };
		E58A8CB420F32CB4005EA433 /* SMManager+DataTransaction.h */ = {isa = PBXFileReference; fileEncoding = 4; lastKnownFileType = sourcecode.c.h; path = "SMManager+DataTransaction.h"; sourceTree = "<group>"; };
		E58A8CB520F32CB4005EA433 /* SMBaseMessage.h */ = {isa = PBXFileReference; fileEncoding = 4; lastKnownFileType = sourcecode.c.h; path = SMBaseMessage.h; sourceTree = "<group>"; };
		E58A8CB620F32CB4005EA433 /* SMManager+SilentPush.h */ = {isa = PBXFileReference; fileEncoding = 4; lastKnownFileType = sourcecode.c.h; path = "SMManager+SilentPush.h"; sourceTree = "<group>"; };
		E58A8CB720F32CB4005EA433 /* SMManager.h */ = {isa = PBXFileReference; fileEncoding = 4; lastKnownFileType = sourcecode.c.h; path = SMManager.h; sourceTree = "<group>"; };
		E58A8CB820F32CB4005EA433 /* SMInAppRefreshType.h */ = {isa = PBXFileReference; fileEncoding = 4; lastKnownFileType = sourcecode.c.h; path = SMInAppRefreshType.h; sourceTree = "<group>"; };
		E58A8CB920F32CB4005EA433 /* SMManager+StyleOptions.h */ = {isa = PBXFileReference; fileEncoding = 4; lastKnownFileType = sourcecode.c.h; path = "SMManager+StyleOptions.h"; sourceTree = "<group>"; };
		E58A8CBA20F32CB4005EA433 /* SMLog.h */ = {isa = PBXFileReference; fileEncoding = 4; lastKnownFileType = sourcecode.c.h; path = SMLog.h; sourceTree = "<group>"; };
		E58A8CBB20F32CB4005EA433 /* SMManager+Log.h */ = {isa = PBXFileReference; fileEncoding = 4; lastKnownFileType = sourcecode.c.h; path = "SMManager+Log.h"; sourceTree = "<group>"; };
		E58A8CBC20F32CB4005EA433 /* SMManagerSettingIAM.h */ = {isa = PBXFileReference; fileEncoding = 4; lastKnownFileType = sourcecode.c.h; path = SMManagerSettingIAM.h; sourceTree = "<group>"; };
		E58A8CBD20F32CB4005EA433 /* SMInAppContentURLViewController.h */ = {isa = PBXFileReference; fileEncoding = 4; lastKnownFileType = sourcecode.c.h; path = SMInAppContentURLViewController.h; sourceTree = "<group>"; };
		E58A8CBE20F32CB4005EA433 /* SMManagerSettingIAC.h */ = {isa = PBXFileReference; fileEncoding = 4; lastKnownFileType = sourcecode.c.h; path = SMManagerSettingIAC.h; sourceTree = "<group>"; };
		E58A8CBF20F32CB4005EA433 /* SMInAppContentStyleOptions.h */ = {isa = PBXFileReference; fileEncoding = 4; lastKnownFileType = sourcecode.c.h; path = SMInAppContentStyleOptions.h; sourceTree = "<group>"; };
		E58A8CC020F32CB4005EA433 /* SMDeviceInfos.h */ = {isa = PBXFileReference; fileEncoding = 4; lastKnownFileType = sourcecode.c.h; path = SMDeviceInfos.h; sourceTree = "<group>"; };
		E58A8CC120F32CB4005EA433 /* SMNotificationButtonData.h */ = {isa = PBXFileReference; fileEncoding = 4; lastKnownFileType = sourcecode.c.h; path = SMNotificationButtonData.h; sourceTree = "<group>"; };
		E58A8CC220F32CB4005EA433 /* SMEvent.h */ = {isa = PBXFileReference; fileEncoding = 4; lastKnownFileType = sourcecode.c.h; path = SMEvent.h; sourceTree = "<group>"; };
		E58A8CC320F32CB4005EA433 /* SMEventUserRegistration.h */ = {isa = PBXFileReference; fileEncoding = 4; lastKnownFileType = sourcecode.c.h; path = SMEventUserRegistration.h; sourceTree = "<group>"; };
		E58A8CC420F32CB4005EA433 /* SMManager+SMEvent.h */ = {isa = PBXFileReference; fileEncoding = 4; lastKnownFileType = sourcecode.c.h; path = "SMManager+SMEvent.h"; sourceTree = "<group>"; };
		E58A8CC520F32CB4005EA433 /* SMManagerHelper.h */ = {isa = PBXFileReference; fileEncoding = 4; lastKnownFileType = sourcecode.c.h; path = SMManagerHelper.h; sourceTree = "<group>"; };
		E58A8CC620F32CB4005EA433 /* SMNSNotification.h */ = {isa = PBXFileReference; fileEncoding = 4; lastKnownFileType = sourcecode.c.h; path = SMNSNotification.h; sourceTree = "<group>"; };
		E58A8CC720F32CB4005EA433 /* SMManager+UserNotification.h */ = {isa = PBXFileReference; fileEncoding = 4; lastKnownFileType = sourcecode.c.h; path = "SMManager+UserNotification.h"; sourceTree = "<group>"; };
		E58A8CC820F32CB4005EA433 /* SMEventUserLogout.h */ = {isa = PBXFileReference; fileEncoding = 4; lastKnownFileType = sourcecode.c.h; path = SMEventUserLogout.h; sourceTree = "<group>"; };
		E58A8CC920F32CB4005EA433 /* SMDisplayMode.h */ = {isa = PBXFileReference; fileEncoding = 4; lastKnownFileType = sourcecode.c.h; path = SMDisplayMode.h; sourceTree = "<group>"; };
		E58A8CCA20F32CB4005EA433 /* SMEventUserUnregistration.h */ = {isa = PBXFileReference; fileEncoding = 4; lastKnownFileType = sourcecode.c.h; path = SMEventUserUnregistration.h; sourceTree = "<group>"; };
		E58A8CCB20F32CB4005EA433 /* SMFailure.h */ = {isa = PBXFileReference; fileEncoding = 4; lastKnownFileType = sourcecode.c.h; path = SMFailure.h; sourceTree = "<group>"; };
		E58A8CCC20F32CB4005EA433 /* SMManager+InAppContent.h */ = {isa = PBXFileReference; fileEncoding = 4; lastKnownFileType = sourcecode.c.h; path = "SMManager+InAppContent.h"; sourceTree = "<group>"; };
		E58A8CCD20F32CB4005EA433 /* SMSuccess.h */ = {isa = PBXFileReference; fileEncoding = 4; lastKnownFileType = sourcecode.c.h; path = SMSuccess.h; sourceTree = "<group>"; };
		E58A8CCE20F32CB4005EA433 /* SMNotificationButtonType.h */ = {isa = PBXFileReference; fileEncoding = 4; lastKnownFileType = sourcecode.c.h; path = SMNotificationButtonType.h; sourceTree = "<group>"; };
		E58A8CCF20F32CB4005EA433 /* SMManager+InAppMessage.h */ = {isa = PBXFileReference; fileEncoding = 4; lastKnownFileType = sourcecode.c.h; path = "SMManager+InAppMessage.h"; sourceTree = "<group>"; };
		E58A8CD020F32CB4005EA433 /* SMManager+RemoteNotification.h */ = {isa = PBXFileReference; fileEncoding = 4; lastKnownFileType = sourcecode.c.h; path = "SMManager+RemoteNotification.h"; sourceTree = "<group>"; };
		E58A8CD120F32CB4005EA433 /* SMInAppContentType.h */ = {isa = PBXFileReference; fileEncoding = 4; lastKnownFileType = sourcecode.c.h; path = SMInAppContentType.h; sourceTree = "<group>"; };
		E58A8CD220F32CB4005EA433 /* SMClearCache.h */ = {isa = PBXFileReference; fileEncoding = 4; lastKnownFileType = sourcecode.c.h; path = SMClearCache.h; sourceTree = "<group>"; };
		E58A8CD320F32CB4005EA433 /* SMContentAlignment.h */ = {isa = PBXFileReference; fileEncoding = 4; lastKnownFileType = sourcecode.c.h; path = SMContentAlignment.h; sourceTree = "<group>"; };
		E58A8CD420F32CB4005EA433 /* SMHelper.h */ = {isa = PBXFileReference; fileEncoding = 4; lastKnownFileType = sourcecode.c.h; path = SMHelper.h; sourceTree = "<group>"; };
		E58A8CD520F32CB4005EA433 /* SMInAppContentViewController.h */ = {isa = PBXFileReference; fileEncoding = 4; lastKnownFileType = sourcecode.c.h; path = SMInAppContentViewController.h; sourceTree = "<group>"; };
		E58A8CD620F32CB4005EA433 /* SMLocationAuthorisationType.h */ = {isa = PBXFileReference; fileEncoding = 4; lastKnownFileType = sourcecode.c.h; path = SMLocationAuthorisationType.h; sourceTree = "<group>"; };
		E58A8CD720F32CB4005EA433 /* SMInAppContentImageViewController.h */ = {isa = PBXFileReference; fileEncoding = 4; lastKnownFileType = sourcecode.c.h; path = SMInAppContentImageViewController.h; sourceTree = "<group>"; };
		E58A8CD820F32CB4005EA433 /* SMManager+Location.h */ = {isa = PBXFileReference; fileEncoding = 4; lastKnownFileType = sourcecode.c.h; path = "SMManager+Location.h"; sourceTree = "<group>"; };
		E58A8CD920F32CB4005EA433 /* SMEventUser.h */ = {isa = PBXFileReference; fileEncoding = 4; lastKnownFileType = sourcecode.c.h; path = SMEventUser.h; sourceTree = "<group>"; };
/* End PBXFileReference section */

/* Begin PBXFrameworksBuildPhase section */
		58B511D81A9E6C8500147676 /* Frameworks */ = {
			isa = PBXFrameworksBuildPhase;
			buildActionMask = 2147483647;
			files = (
				607CB0D425629754007201AB /* libSelligentMobile2.5.a in Frameworks */,
			);
			runOnlyForDeploymentPostprocessing = 0;
		};
/* End PBXFrameworksBuildPhase section */

/* Begin PBXGroup section */
		134814211AA4EA7D00B7C361 /* Products */ = {
			isa = PBXGroup;
			children = (
				134814201AA4EA6300B7C361 /* libRNSelligent.a */,
			);
			name = Products;
			sourceTree = "<group>";
		};
		58B511D21A9E6C8500147676 = {
			isa = PBXGroup;
			children = (
				607CB0D325629754007201AB /* libSelligentMobile2.5.a */,
				E58A8CAC20F32CB4005EA433 /* include */,
				E5002D3720F500C200F68509 /* SelligentLogger.h */,
				E5002D3820F500C200F68509 /* SelligentLogger.m */,
				B3E7B5881CC2AC0600A0062D /* RNSelligent.h */,
				B3E7B5891CC2AC0600A0062D /* RNSelligent.m */,
				E51D949F20FE180400069B07 /* Event.h */,
				E51D949B20FE17F000069B07 /* Event.m */,
				E51D94A020FE181A00069B07 /* Event+SMEvent.h */,
				E51D949C20FE17F000069B07 /* Event+SMEvent.m */,
				E5002D3220F5002A00F68509 /* ClientSettings.h */,
				E5002D3120F5002A00F68509 /* ClientSettings.m */,
				E5002D3420F5004200F68509 /* SMManagerSetting+ClientSettings.h */,
				E5002D3520F5004200F68509 /* SMManagerSetting+ClientSettings.m */,
				E5002D3A20F5012300F68509 /* ParsableObject.h */,
				E5002D3B20F5013200F68509 /* InAppMessageSettings.h */,
				E5002D3C20F5013200F68509 /* InAppMessageSettings.m */,
				E5002D3E20F5014900F68509 /* LogLevel.h */,
				E5002D4720F501B000F68509 /* BackgroundFetchResult.h */,
				E5002D4520F501A400F68509 /* ClearCacheInterval.h */,
				E5002D4620F501A400F68509 /* NotificationButtonType.h */,
				E5002D4320F5019500F68509 /* LocationAuthorisationStatus.h */,
				E5002D4420F5019500F68509 /* LocationAuthorisationType.h */,
				E5002D4220F5018200F68509 /* InAppMessageRefreshType.h */,
				E51D94E820FF88DB00069B07 /* EventType.h */,
				E5002D3F20F5015A00F68509 /* EnumMapper.h */,
				E5002D4020F5015A00F68509 /* EnumMapper.m */,
				134814211AA4EA7D00B7C361 /* Products */,
			);
			sourceTree = "<group>";
		};
		E58A8CAC20F32CB4005EA433 /* include */ = {
			isa = PBXGroup;
			children = (
				E58A8CAD20F32CB4005EA433 /* SMMessage.h */,
				E58A8CAE20F32CB4005EA433 /* SMInAppContentMessage.h */,
				E58A8CAF20F32CB4005EA433 /* SMManagerSetting.h */,
				E58A8CB020F32CB4005EA433 /* SMLink.h */,
				E58A8CB120F32CB4005EA433 /* SMEventUserLogin.h */,
				E58A8CB220F32CB4005EA433 /* SMBlock.h */,
				E58A8CB320F32CB4005EA433 /* SMInAppContentHTMLViewController.h */,
				E58A8CB420F32CB4005EA433 /* SMManager+DataTransaction.h */,
				E58A8CB520F32CB4005EA433 /* SMBaseMessage.h */,
				E58A8CB620F32CB4005EA433 /* SMManager+SilentPush.h */,
				E58A8CB720F32CB4005EA433 /* SMManager.h */,
				E58A8CB820F32CB4005EA433 /* SMInAppRefreshType.h */,
				E58A8CB920F32CB4005EA433 /* SMManager+StyleOptions.h */,
				E58A8CBA20F32CB4005EA433 /* SMLog.h */,
				E58A8CBB20F32CB4005EA433 /* SMManager+Log.h */,
				E58A8CBC20F32CB4005EA433 /* SMManagerSettingIAM.h */,
				E58A8CBD20F32CB4005EA433 /* SMInAppContentURLViewController.h */,
				E58A8CBE20F32CB4005EA433 /* SMManagerSettingIAC.h */,
				E58A8CBF20F32CB4005EA433 /* SMInAppContentStyleOptions.h */,
				E58A8CC020F32CB4005EA433 /* SMDeviceInfos.h */,
				E58A8CC120F32CB4005EA433 /* SMNotificationButtonData.h */,
				E58A8CC220F32CB4005EA433 /* SMEvent.h */,
				E58A8CC320F32CB4005EA433 /* SMEventUserRegistration.h */,
				E58A8CC420F32CB4005EA433 /* SMManager+SMEvent.h */,
				E58A8CC520F32CB4005EA433 /* SMManagerHelper.h */,
				E58A8CC620F32CB4005EA433 /* SMNSNotification.h */,
				E58A8CC720F32CB4005EA433 /* SMManager+UserNotification.h */,
				E58A8CC820F32CB4005EA433 /* SMEventUserLogout.h */,
				E58A8CC920F32CB4005EA433 /* SMDisplayMode.h */,
				E58A8CCA20F32CB4005EA433 /* SMEventUserUnregistration.h */,
				E58A8CCB20F32CB4005EA433 /* SMFailure.h */,
				E58A8CCC20F32CB4005EA433 /* SMManager+InAppContent.h */,
				E58A8CCD20F32CB4005EA433 /* SMSuccess.h */,
				E58A8CCE20F32CB4005EA433 /* SMNotificationButtonType.h */,
				E58A8CCF20F32CB4005EA433 /* SMManager+InAppMessage.h */,
				E58A8CD020F32CB4005EA433 /* SMManager+RemoteNotification.h */,
				E58A8CD120F32CB4005EA433 /* SMInAppContentType.h */,
				E58A8CD220F32CB4005EA433 /* SMClearCache.h */,
				E58A8CD320F32CB4005EA433 /* SMContentAlignment.h */,
				E58A8CD420F32CB4005EA433 /* SMHelper.h */,
				E58A8CD520F32CB4005EA433 /* SMInAppContentViewController.h */,
				E58A8CD620F32CB4005EA433 /* SMLocationAuthorisationType.h */,
				E58A8CD720F32CB4005EA433 /* SMInAppContentImageViewController.h */,
				E58A8CD820F32CB4005EA433 /* SMManager+Location.h */,
				E58A8CD920F32CB4005EA433 /* SMEventUser.h */,
			);
			path = include;
			sourceTree = "<group>";
		};
/* End PBXGroup section */

/* Begin PBXNativeTarget section */
		58B511DA1A9E6C8500147676 /* RNSelligent */ = {
			isa = PBXNativeTarget;
			buildConfigurationList = 58B511EF1A9E6C8500147676 /* Build configuration list for PBXNativeTarget "RNSelligent" */;
			buildPhases = (
				58B511D71A9E6C8500147676 /* Sources */,
				58B511D81A9E6C8500147676 /* Frameworks */,
				58B511D91A9E6C8500147676 /* CopyFiles */,
			);
			buildRules = (
			);
			dependencies = (
			);
			name = RNSelligent;
			productName = RCTDataManager;
			productReference = 134814201AA4EA6300B7C361 /* libRNSelligent.a */;
			productType = "com.apple.product-type.library.static";
		};
/* End PBXNativeTarget section */

/* Begin PBXProject section */
		58B511D31A9E6C8500147676 /* Project object */ = {
			isa = PBXProject;
			attributes = {
				LastUpgradeCheck = 0920;
				ORGANIZATIONNAME = Facebook;
				TargetAttributes = {
					58B511DA1A9E6C8500147676 = {
						CreatedOnToolsVersion = 6.1.1;
						LastSwiftMigration = 0930;
					};
				};
			};
			buildConfigurationList = 58B511D61A9E6C8500147676 /* Build configuration list for PBXProject "SelligentReactNative" */;
			compatibilityVersion = "Xcode 3.2";
			developmentRegion = English;
			hasScannedForEncodings = 0;
			knownRegions = (
				English,
				en,
			);
			mainGroup = 58B511D21A9E6C8500147676;
			productRefGroup = 58B511D21A9E6C8500147676;
			projectDirPath = "";
			projectRoot = "";
			targets = (
				58B511DA1A9E6C8500147676 /* RNSelligent */,
			);
		};
/* End PBXProject section */

/* Begin PBXSourcesBuildPhase section */
		58B511D71A9E6C8500147676 /* Sources */ = {
			isa = PBXSourcesBuildPhase;
			buildActionMask = 2147483647;
			files = (
				E5002D3620F5004200F68509 /* SMManagerSetting+ClientSettings.m in Sources */,
				E51D949E20FE17F100069B07 /* Event+SMEvent.m in Sources */,
				E5002D4120F5015A00F68509 /* EnumMapper.m in Sources */,
				E5002D3D20F5013300F68509 /* InAppMessageSettings.m in Sources */,
				E5002D3920F500C200F68509 /* SelligentLogger.m in Sources */,
				B3E7B58A1CC2AC0600A0062D /* RNSelligent.m in Sources */,
				E5002D3320F5002A00F68509 /* ClientSettings.m in Sources */,
				E51D949D20FE17F100069B07 /* Event.m in Sources */,
			);
			runOnlyForDeploymentPostprocessing = 0;
		};
/* End PBXSourcesBuildPhase section */

/* Begin XCBuildConfiguration section */
		58B511ED1A9E6C8500147676 /* Debug */ = {
			isa = XCBuildConfiguration;
			buildSettings = {
				ALWAYS_SEARCH_USER_PATHS = NO;
				CLANG_CXX_LANGUAGE_STANDARD = "gnu++0x";
				CLANG_CXX_LIBRARY = "libc++";
				CLANG_ENABLE_MODULES = YES;
				CLANG_ENABLE_OBJC_ARC = YES;
				CLANG_WARN_BLOCK_CAPTURE_AUTORELEASING = YES;
				CLANG_WARN_BOOL_CONVERSION = YES;
				CLANG_WARN_COMMA = YES;
				CLANG_WARN_CONSTANT_CONVERSION = YES;
				CLANG_WARN_DIRECT_OBJC_ISA_USAGE = YES_ERROR;
				CLANG_WARN_EMPTY_BODY = YES;
				CLANG_WARN_ENUM_CONVERSION = YES;
				CLANG_WARN_INFINITE_RECURSION = YES;
				CLANG_WARN_INT_CONVERSION = YES;
				CLANG_WARN_NON_LITERAL_NULL_CONVERSION = YES;
				CLANG_WARN_OBJC_LITERAL_CONVERSION = YES;
				CLANG_WARN_OBJC_ROOT_CLASS = YES_ERROR;
				CLANG_WARN_RANGE_LOOP_ANALYSIS = YES;
				CLANG_WARN_STRICT_PROTOTYPES = YES;
				CLANG_WARN_SUSPICIOUS_MOVE = YES;
				CLANG_WARN_UNREACHABLE_CODE = YES;
				CLANG_WARN__DUPLICATE_METHOD_MATCH = YES;
				COPY_PHASE_STRIP = NO;
				ENABLE_STRICT_OBJC_MSGSEND = YES;
				ENABLE_TESTABILITY = YES;
				GCC_C_LANGUAGE_STANDARD = gnu99;
				GCC_DYNAMIC_NO_PIC = NO;
				GCC_NO_COMMON_BLOCKS = YES;
				GCC_OPTIMIZATION_LEVEL = 0;
				GCC_PREPROCESSOR_DEFINITIONS = (
					"DEBUG=1",
					"$(inherited)",
				);
				GCC_SYMBOLS_PRIVATE_EXTERN = NO;
				GCC_WARN_64_TO_32_BIT_CONVERSION = YES;
				GCC_WARN_ABOUT_RETURN_TYPE = YES_ERROR;
				GCC_WARN_UNDECLARED_SELECTOR = YES;
				GCC_WARN_UNINITIALIZED_AUTOS = YES_AGGRESSIVE;
				GCC_WARN_UNUSED_FUNCTION = YES;
				GCC_WARN_UNUSED_VARIABLE = YES;
				IPHONEOS_DEPLOYMENT_TARGET = 8.0;
				MTL_ENABLE_DEBUG_INFO = YES;
				ONLY_ACTIVE_ARCH = YES;
				SDKROOT = iphoneos;
			};
			name = Debug;
		};
		58B511EE1A9E6C8500147676 /* Release */ = {
			isa = XCBuildConfiguration;
			buildSettings = {
				ALWAYS_SEARCH_USER_PATHS = NO;
				CLANG_CXX_LANGUAGE_STANDARD = "gnu++0x";
				CLANG_CXX_LIBRARY = "libc++";
				CLANG_ENABLE_MODULES = YES;
				CLANG_ENABLE_OBJC_ARC = YES;
				CLANG_WARN_BLOCK_CAPTURE_AUTORELEASING = YES;
				CLANG_WARN_BOOL_CONVERSION = YES;
				CLANG_WARN_COMMA = YES;
				CLANG_WARN_CONSTANT_CONVERSION = YES;
				CLANG_WARN_DIRECT_OBJC_ISA_USAGE = YES_ERROR;
				CLANG_WARN_EMPTY_BODY = YES;
				CLANG_WARN_ENUM_CONVERSION = YES;
				CLANG_WARN_INFINITE_RECURSION = YES;
				CLANG_WARN_INT_CONVERSION = YES;
				CLANG_WARN_NON_LITERAL_NULL_CONVERSION = YES;
				CLANG_WARN_OBJC_LITERAL_CONVERSION = YES;
				CLANG_WARN_OBJC_ROOT_CLASS = YES_ERROR;
				CLANG_WARN_RANGE_LOOP_ANALYSIS = YES;
				CLANG_WARN_STRICT_PROTOTYPES = YES;
				CLANG_WARN_SUSPICIOUS_MOVE = YES;
				CLANG_WARN_UNREACHABLE_CODE = YES;
				CLANG_WARN__DUPLICATE_METHOD_MATCH = YES;
				COPY_PHASE_STRIP = YES;
				ENABLE_NS_ASSERTIONS = NO;
				ENABLE_STRICT_OBJC_MSGSEND = YES;
				GCC_C_LANGUAGE_STANDARD = gnu99;
				GCC_NO_COMMON_BLOCKS = YES;
				GCC_WARN_64_TO_32_BIT_CONVERSION = YES;
				GCC_WARN_ABOUT_RETURN_TYPE = YES_ERROR;
				GCC_WARN_UNDECLARED_SELECTOR = YES;
				GCC_WARN_UNINITIALIZED_AUTOS = YES_AGGRESSIVE;
				GCC_WARN_UNUSED_FUNCTION = YES;
				GCC_WARN_UNUSED_VARIABLE = YES;
				IPHONEOS_DEPLOYMENT_TARGET = 8.0;
				MTL_ENABLE_DEBUG_INFO = NO;
				SDKROOT = iphoneos;
				VALIDATE_PRODUCT = YES;
			};
			name = Release;
		};
		58B511F01A9E6C8500147676 /* Debug */ = {
			isa = XCBuildConfiguration;
			buildSettings = {
				CLANG_ENABLE_MODULES = YES;
				HEADER_SEARCH_PATHS = (
					"$(inherited)",
					/Applications/Xcode.app/Contents/Developer/Toolchains/XcodeDefault.xctoolchain/usr/include,
					"$(SRCROOT)/../../../React/**",
					"$(SRCROOT)/../../react-native/React/**",
					"$(SRCROOT)",
					"${SRCROOT}/../../../ios/Pods/Headers/**",
				);
				LD_RUNPATH_SEARCH_PATHS = "$(inherited) @executable_path/Frameworks @loader_path/Frameworks";
				LIBRARY_SEARCH_PATHS = (
					"$(inherited)",
					"$(PROJECT_DIR)",
					"$(PROJECT_DIR)/include",
				);
				OTHER_LDFLAGS = "-ObjC";
				PRODUCT_NAME = RNSelligent;
				SKIP_INSTALL = YES;
				SWIFT_OPTIMIZATION_LEVEL = "-Onone";
				SWIFT_VERSION = 3.0;
			};
			name = Debug;
		};
		58B511F11A9E6C8500147676 /* Release */ = {
			isa = XCBuildConfiguration;
			buildSettings = {
				CLANG_ENABLE_MODULES = YES;
				HEADER_SEARCH_PATHS = (
					"$(inherited)",
					/Applications/Xcode.app/Contents/Developer/Toolchains/XcodeDefault.xctoolchain/usr/include,
					"$(SRCROOT)/../../../React/**",
					"$(SRCROOT)/../../react-native/React/**",
					"$(SRCROOT)",
					"${SRCROOT}/../../../ios/Pods/Headers/**",
				);
				LD_RUNPATH_SEARCH_PATHS = "$(inherited) @executable_path/Frameworks @loader_path/Frameworks";
				LIBRARY_SEARCH_PATHS = (
					"$(inherited)",
					"$(PROJECT_DIR)",
					"$(PROJECT_DIR)/include",
				);
				OTHER_LDFLAGS = "-ObjC";
				PRODUCT_NAME = RNSelligent;
				SKIP_INSTALL = YES;
				SWIFT_VERSION = 3.0;
			};
			name = Release;
		};
/* End XCBuildConfiguration section */

/* Begin XCConfigurationList section */
		58B511D61A9E6C8500147676 /* Build configuration list for PBXProject "SelligentReactNative" */ = {
			isa = XCConfigurationList;
			buildConfigurations = (
				58B511ED1A9E6C8500147676 /* Debug */,
				58B511EE1A9E6C8500147676 /* Release */,
			);
			defaultConfigurationIsVisible = 0;
			defaultConfigurationName = Release;
		};
		58B511EF1A9E6C8500147676 /* Build configuration list for PBXNativeTarget "RNSelligent" */ = {
			isa = XCConfigurationList;
			buildConfigurations = (
				58B511F01A9E6C8500147676 /* Debug */,
				58B511F11A9E6C8500147676 /* Release */,
			);
			defaultConfigurationIsVisible = 0;
			defaultConfigurationName = Release;
		};
/* End XCConfigurationList section */
	};
	rootObject = 58B511D31A9E6C8500147676 /* Project object */;
}
